
Microsoft Visual Studio Solution File, Format Version 12.00
# Visual Studio Version 16
VisualStudioVersion = 16.0.29509.3
MinimumVisualStudioVersion = 10.0.40219.1
Project("{F184B08F-C81C-45F6-A57F-5ABD9991F28F}") = "U화학동아리", "프로그램1\U화학동아리.vbproj", "{BF3DA668-DE8B-45A4-8BC7-3D0024436950}"
EndProject
Global
	GlobalSection(SolutionConfigurationPlatforms) = preSolution
		Debug|Any CPU = Debug|Any CPU
		Release|Any CPU = Release|Any CPU
	EndGlobalSection
	GlobalSection(ProjectConfigurationPlatforms) = postSolution
		{BF3DA668-DE8B-45A4-8BC7-3D0024436950}.Debug|Any CPU.ActiveCfg = Debug|Any CPU
		{BF3DA668-DE8B-45A4-8BC7-3D0024436950}.Debug|Any CPU.Build.0 = Debug|Any CPU
		{BF3DA668-DE8B-45A4-8BC7-3D0024436950}.Release|Any CPU.ActiveCfg = Release|Any CPU
		{BF3DA668-DE8B-45A4-8BC7-3D0024436950}.Release|Any CPU.Build.0 = Release|Any CPU
	EndGlobalSection
	GlobalSection(SolutionProperties) = preSolution
		HideSolutionNode = FALSE
	EndGlobalSection
	GlobalSection(ExtensibilityGlobals) = postSolution
		SolutionGuid = {89413F82-4CAD-4BCC-9DBC-B3EB4481AF0B}
	EndGlobalSection
EndGlobal
